// !$*UTF8*$!
{
	archiveVersion = 1;
	classes = {
	};
	objectVersion = 50;
	objects = {

/* Begin PBXBuildFile section */
		08F1D2A221F802B900FB9628 /* AppDelegate.m in Sources */ = {isa = PBXBuildFile; fileRef = 08F1D2A121F802B900FB9628 /* AppDelegate.m */; };
		08F1D2A521F802B900FB9628 /* ViewController.m in Sources */ = {isa = PBXBuildFile; fileRef = 08F1D2A421F802B900FB9628 /* ViewController.m */; };
		08F1D2A821F802B900FB9628 /* Main.storyboard in Resources */ = {isa = PBXBuildFile; fileRef = 08F1D2A621F802B900FB9628 /* Main.storyboard */; };
		08F1D2AA21F802BB00FB9628 /* Assets.xcassets in Resources */ = {isa = PBXBuildFile; fileRef = 08F1D2A921F802BB00FB9628 /* Assets.xcassets */; };
		08F1D2AD21F802BB00FB9628 /* LaunchScreen.storyboard in Resources */ = {isa = PBXBuildFile; fileRef = 08F1D2AB21F802BB00FB9628 /* LaunchScreen.storyboard */; };
		08F1D2B021F802BB00FB9628 /* main.m in Sources */ = {isa = PBXBuildFile; fileRef = 08F1D2AF21F802BB00FB9628 /* main.m */; };
/* End PBXBuildFile section */

/* Begin PBXFileReference section */
		08F1D29D21F802B900FB9628 /* SortingHat.app */ = {isa = PBXFileReference; explicitFileType = wrapper.application; includeInIndex = 0; path = SortingHat.app; sourceTree = BUILT_PRODUCTS_DIR; };
		08F1D2A021F802B900FB9628 /* AppDelegate.h */ = {isa = PBXFileReference; lastKnownFileType = sourcecode.c.h; path = AppDelegate.h; sourceTree = "<group>"; };
		08F1D2A121F802B900FB9628 /* AppDelegate.m */ = {isa = PBXFileReference; lastKnownFileType = sourcecode.c.objc; path = AppDelegate.m; sourceTree = "<group>"; };
		08F1D2A321F802B900FB9628 /* ViewController.h */ = {isa = PBXFileReference; lastKnownFileType = sourcecode.c.h; path = ViewController.h; sourceTree = "<group>"; };
		08F1D2A421F802B900FB9628 /* ViewController.m */ = {isa = PBXFileReference; lastKnownFileType = sourcecode.c.objc; path = ViewController.m; sourceTree = "<group>"; };
		08F1D2A721F802B900FB9628 /* Base */ = {isa = PBXFileReference; lastKnownFileType = file.storyboard; name = Base; path = Base.lproj/Main.storyboard; sourceTree = "<group>"; };
		08F1D2A921F802BB00FB9628 /* Assets.xcassets */ = {isa = PBXFileReference; lastKnownFileType = folder.assetcatalog; path = Assets.xcassets; sourceTree = "<group>"; };
		08F1D2AC21F802BB00FB9628 /* Base */ = {isa = PBXFileReference; lastKnownFileType = file.storyboard; name = Base; path = Base.lproj/LaunchScreen.storyboard; sourceTree = "<group>"; };
		08F1D2AE21F802BB00FB9628 /* Info.plist */ = {isa = PBXFileReference; lastKnownFileType = text.plist.xml; path = Info.plist; sourceTree = "<group>"; };
		08F1D2AF21F802BB00FB9628 /* main.m */ = {isa = PBXFileReference; lastKnownFileType = sourcecode.c.objc; path = main.m; sourceTree = "<group>"; };
/* End PBXFileReference section */

/* Begin PBXFrameworksBuildPhase section */
		08F1D29A21F802B900FB9628 /* Frameworks */ = {
			isa = PBXFrameworksBuildPhase;
			buildActionMask = 2147483647;
			files = (
			);
			runOnlyForDeploymentPostprocessing = 0;
		};
/* End PBXFrameworksBuildPhase section */

/* Begin PBXGroup section */
		08F1D29421F802B900FB9628 = {
			isa = PBXGroup;
			children = (
				08F1D29F21F802B900FB9628 /* SortingHat */,
				08F1D29E21F802B900FB9628 /* Products */,
			);
			sourceTree = "<group>";
		};
		08F1D29E21F802B900FB9628 /* Products */ = {
			isa = PBXGroup;
			children = (
				08F1D29D21F802B900FB9628 /* SortingHat.app */,
			);
			name = Products;
			sourceTree = "<group>";
		};
		08F1D29F21F802B900FB9628 /* SortingHat */ = {
			isa = PBXGroup;
			children = (
				08F1D2A021F802B900FB9628 /* AppDelegate.h */,
				08F1D2A121F802B900FB9628 /* AppDelegate.m */,
				08F1D2A321F802B900FB9628 /* ViewController.h */,
				08F1D2A421F802B900FB9628 /* ViewController.m */,
				08F1D2A621F802B900FB9628 /* Main.storyboard */,
				08F1D2A921F802BB00FB9628 /* Assets.xcassets */,
				08F1D2AB21F802BB00FB9628 /* LaunchScreen.storyboard */,
				08F1D2AE21F802BB00FB9628 /* Info.plist */,
				08F1D2AF21F802BB00FB9628 /* main.m */,
			);
			path = SortingHat;
			sourceTree = "<group>";
		};
/* End PBXGroup section */

/* Begin PBXNativeTarget section */
		08F1D29C21F802B900FB9628 /* SortingHat */ = {
			isa = PBXNativeTarget;
			buildConfigurationList = 08F1D2B321F802BB00FB9628 /* Build configuration list for PBXNativeTarget "SortingHat" */;
			buildPhases = (
				08F1D29921F802B900FB9628 /* Sources */,
				08F1D29A21F802B900FB9628 /* Frameworks */,
				08F1D29B21F802B900FB9628 /* Resources */,
			);
			buildRules = (
			);
			dependencies = (
			);
			name = SortingHat;
			productName = SortingHat;
			productReference = 08F1D29D21F802B900FB9628 /* SortingHat.app */;
			productType = "com.apple.product-type.application";
		};
/* End PBXNativeTarget section */

/* Begin PBXProject section */
		08F1D29521F802B900FB9628 /* Project object */ = {
			isa = PBXProject;
			attributes = {
				LastUpgradeCheck = 1010;
				ORGANIZATIONNAME = "Adam Green";
				TargetAttributes = {
					08F1D29C21F802B900FB9628 = {
						CreatedOnToolsVersion = 10.1;
					};
				};
			};
			buildConfigurationList = 08F1D29821F802B900FB9628 /* Build configuration list for PBXProject "SortingHat" */;
			compatibilityVersion = "Xcode 9.3";
			developmentRegion = en;
			hasScannedForEncodings = 0;
			knownRegions = (
				en,
				Base,
			);
			mainGroup = 08F1D29421F802B900FB9628;
			productRefGroup = 08F1D29E21F802B900FB9628 /* Products */;
			projectDirPath = "";
			projectRoot = "";
			targets = (
				08F1D29C21F802B900FB9628 /* SortingHat */,
			);
		};
/* End PBXProject section */

/* Begin PBXResourcesBuildPhase section */
		08F1D29B21F802B900FB9628 /* Resources */ = {
			isa = PBXResourcesBuildPhase;
			buildActionMask = 2147483647;
			files = (
				08F1D2AD21F802BB00FB9628 /* LaunchScreen.storyboard in Resources */,
				08F1D2AA21F802BB00FB9628 /* Assets.xcassets in Resources */,
				08F1D2A821F802B900FB9628 /* Main.storyboard in Resources */,
			);
			runOnlyForDeploymentPostprocessing = 0;
		};
/* End PBXResourcesBuildPhase section */

/* Begin PBXSourcesBuildPhase section */
		08F1D29921F802B900FB9628 /* Sources */ = {
			isa = PBXSourcesBuildPhase;
			buildActionMask = 2147483647;
			files = (
				08F1D2A521F802B900FB9628 /* ViewController.m in Sources */,
				08F1D2B021F802BB00FB9628 /* main.m in Sources */,
				08F1D2A221F802B900FB9628 /* AppDelegate.m in Sources */,
			);
			runOnlyForDeploymentPostprocessing = 0;
		};
/* End PBXSourcesBuildPhase section */

/* Begin PBXVariantGroup section */
		08F1D2A621F802B900FB9628 /* Main.storyboard */ = {
			isa = PBXVariantGroup;
			children = (
				08F1D2A721F802B900FB9628 /* Base */,
			);
			name = Main.storyboard;
			sourceTree = "<group>";
		};
		08F1D2AB21F802BB00FB9628 /* LaunchScreen.storyboard */ = {
			isa = PBXVariantGroup;
			children = (
				08F1D2AC21F802BB00FB9628 /* Base */,
			);
			name = LaunchScreen.storyboard;
			sourceTree = "<group>";
		};
/* End PBXVariantGroup section */

/* Begin XCBuildConfiguration section */
		08F1D2B121F802BB00FB9628 /* Debug */ = {
			isa = XCBuildConfiguration;
			buildSettings = {
				ALWAYS_SEARCH_USER_PATHS = NO;
				CLANG_ANALYZER_NONNULL = YES;
				CLANG_ANALYZER_NUMBER_OBJECT_CONVERSION = YES_AGGRESSIVE;
				CLANG_CXX_LANGUAGE_STANDARD = "gnu++14";
				CLANG_CXX_LIBRARY = "libc++";
				CLANG_ENABLE_MODULES = YES;
				CLANG_ENABLE_OBJC_ARC = YES;
				CLANG_ENABLE_OBJC_WEAK = YES;
				CLANG_WARN_BLOCK_CAPTURE_AUTORELEASING = YES;
				CLANG_WARN_BOOL_CONVERSION = YES;
				CLANG_WARN_COMMA = YES;
				CLANG_WARN_CONSTANT_CONVERSION = YES;
				CLANG_WARN_DEPRECATED_OBJC_IMPLEMENTATIONS = YES;
				CLANG_WARN_DIRECT_OBJC_ISA_USAGE = YES_ERROR;
				CLANG_WARN_DOCUMENTATION_COMMENTS = YES;
				CLANG_WARN_EMPTY_BODY = YES;
				CLANG_WARN_ENUM_CONVERSION = YES;
				CLANG_WARN_INFINITE_RECURSION = YES;
				CLANG_WARN_INT_CONVERSION = YES;
				CLANG_WARN_NON_LITERAL_NULL_CONVERSION = YES;
				CLANG_WARN_OBJC_IMPLICIT_RETAIN_SELF = YES;
				CLANG_WARN_OBJC_LITERAL_CONVERSION = YES;
				CLANG_WARN_OBJC_ROOT_CLASS = YES_ERROR;
				CLANG_WARN_RANGE_LOOP_ANALYSIS = YES;
				CLANG_WARN_STRICT_PROTOTYPES = YES;
				CLANG_WARN_SUSPICIOUS_MOVE = YES;
				CLANG_WARN_UNGUARDED_AVAILABILITY = YES_AGGRESSIVE;
				CLANG_WARN_UNREACHABLE_CODE = YES;
				CLANG_WARN__DUPLICATE_METHOD_MATCH = YES;
				CODE_SIGN_IDENTITY = "iPhone Developer";
				COPY_PHASE_STRIP = NO;
				DEBUG_INFORMATION_FORMAT = dwarf;
				ENABLE_STRICT_OBJC_MSGSEND = YES;
				ENABLE_TESTABILITY = YES;
				GCC_C_LANGUAGE_STANDARD = gnu11;
				GCC_DYNAMIC_NO_PIC = NO;
				GCC_NO_COMMON_BLOCKS = YES;
				GCC_OPTIMIZATION_LEVEL = 0;
				GCC_PREPROCESSOR_DEFINITIONS = (
					"DEBUG=1",
					"$(inherited)",
				);
				GCC_WARN_64_TO_32_BIT_CONVERSION = YES;
				GCC_WARN_ABOUT_RETURN_TYPE = YES_ERROR;
				GCC_WARN_UNDECLARED_SELECTOR = YES;
				GCC_WARN_UNINITIALIZED_AUTOS = YES_AGGRESSIVE;
				GCC_WARN_UNUSED_FUNCTION = YES;
				GCC_WARN_UNUSED_VARIABLE = YES;
				IPHONEOS_DEPLOYMENT_TARGET = 12.1;
				MTL_ENABLE_DEBUG_INFO = INCLUDE_SOURCE;
				MTL_FAST_MATH = YES;
				ONLY_ACTIVE_ARCH = YES;
				SDKROOT = iphoneos;
			};
			name = Debug;
		};
		08F1D2B221F802BB00FB9628 /* Release */ = {
			isa = XCBuildConfiguration;
			buildSettings = {
				ALWAYS_SEARCH_USER_PATHS = NO;
				CLANG_ANALYZER_NONNULL = YES;
				CLANG_ANALYZER_NUMBER_OBJECT_CONVERSION = YES_AGGRESSIVE;
				CLANG_CXX_LANGUAGE_STANDARD = "gnu++14";
				CLANG_CXX_LIBRARY = "libc++";
				CLANG_ENABLE_MODULES = YES;
				CLANG_ENABLE_OBJC_ARC = YES;
				CLANG_ENABLE_OBJC_WEAK = YES;
				CLANG_WARN_BLOCK_CAPTURE_AUTORELEASING = YES;
				CLANG_WARN_BOOL_CONVERSION = YES;
				CLANG_WARN_COMMA = YES;
				CLANG_WARN_CONSTANT_CONVERSION = YES;
				CLANG_WARN_DEPRECATED_OBJC_IMPLEMENTATIONS = YES;
				CLANG_WARN_DIRECT_OBJC_ISA_USAGE = YES_ERROR;
				CLANG_WARN_DOCUMENTATION_COMMENTS = YES;
				CLANG_WARN_EMPTY_BODY = YES;
				CLANG_WARN_ENUM_CONVERSION = YES;
				CLANG_WARN_INFINITE_RECURSION = YES;
				CLANG_WARN_INT_CONVERSION = YES;
				CLANG_WARN_NON_LITERAL_NULL_CONVERSION = YES;
				CLANG_WARN_OBJC_IMPLICIT_RETAIN_SELF = YES;
				CLANG_WARN_OBJC_LITERAL_CONVERSION = YES;
				CLANG_WARN_OBJC_ROOT_CLASS = YES_ERROR;
				CLANG_WARN_RANGE_LOOP_ANALYSIS = YES;
				CLANG_WARN_STRICT_PROTOTYPES = YES;
				CLANG_WARN_SUSPICIOUS_MOVE = YES;
				CLANG_WARN_UNGUARDED_AVAILABILITY = YES_AGGRESSIVE;
				CLANG_WARN_UNREACHABLE_CODE = YES;
				CLANG_WARN__DUPLICATE_METHOD_MATCH = YES;
				CODE_SIGN_IDENTITY = "iPhone Developer";
				COPY_PHASE_STRIP = NO;
				DEBUG_INFORMATION_FORMAT = "dwarf-with-dsym";
				ENABLE_NS_ASSERTIONS = NO;
				ENABLE_STRICT_OBJC_MSGSEND = YES;
				GCC_C_LANGUAGE_STANDARD = gnu11;
				GCC_NO_COMMON_BLOCKS = YES;
				GCC_WARN_64_TO_32_BIT_CONVERSION = YES;
				GCC_WARN_ABOUT_RETURN_TYPE = YES_ERROR;
				GCC_WARN_UNDECLARED_SELECTOR = YES;
				GCC_WARN_UNINITIALIZED_AUTOS = YES_AGGRESSIVE;
				GCC_WARN_UNUSED_FUNCTION = YES;
				GCC_WARN_UNUSED_VARIABLE = YES;
				IPHONEOS_DEPLOYMENT_TARGET = 12.1;
				MTL_ENABLE_DEBUG_INFO = NO;
				MTL_FAST_MATH = YES;
				SDKROOT = iphoneos;
				VALIDATE_PRODUCT = YES;
			};
			name = Release;
		};
		08F1D2B421F802BB00FB9628 /* Debug */ = {
			isa = XCBuildConfiguration;
			buildSettings = {
				ASSETCATALOG_COMPILER_APPICON_NAME = AppIcon;
				CODE_SIGN_STYLE = Automatic;
				DEVELOPMENT_TEAM = 7ZGMYJFP58;
				INFOPLIST_FILE = SortingHat/Info.plist;
				LD_RUNPATH_SEARCH_PATHS = (
					"$(inherited)",
					"@executable_path/Frameworks",
				);
				PRODUCT_BUNDLE_IDENTIFIER = ag.SortingHat;
				PRODUCT_NAME = "$(TARGET_NAME)";
				TARGETED_DEVICE_FAMILY = "1,2";
			};
			name = Debug;
		};
		08F1D2B521F802BB00FB9628 /* Release */ = {
			isa = XCBuildConfiguration;
			buildSettings = {
				ASSETCATALOG_COMPILER_APPICON_NAME = AppIcon;
				CODE_SIGN_STYLE = Automatic;
				DEVELOPMENT_TEAM = 7ZGMYJFP58;
				INFOPLIST_FILE = SortingHat/Info.plist;
				LD_RUNPATH_SEARCH_PATHS = (
					"$(inherited)",
					"@executable_path/Frameworks",
				);
				PRODUCT_BUNDLE_IDENTIFIER = ag.SortingHat;
				PRODUCT_NAME = "$(TARGET_NAME)";
				TARGETED_DEVICE_FAMILY = "1,2";
			};
			name = Release;
		};
/* End XCBuildConfiguration section */

/* Begin XCConfigurationList section */
		08F1D29821F802B900FB9628 /* Build configuration list for PBXProject "SortingHat" */ = {
			isa = XCConfigurationList;
			buildConfigurations = (
				08F1D2B121F802BB00FB9628 /* Debug */,
				08F1D2B221F802BB00FB9628 /* Release */,
			);
			defaultConfigurationIsVisible = 0;
			defaultConfigurationName = Release;
		};
		08F1D2B321F802BB00FB9628 /* Build configuration list for PBXNativeTarget "SortingHat" */ = {
			isa = XCConfigurationList;
			buildConfigurations = (
				08F1D2B421F802BB00FB9628 /* Debug */,
				08F1D2B521F802BB00FB9628 /* Release */,
			);
			defaultConfigurationIsVisible = 0;
			defaultConfigurationName = Release;
		};
/* End XCConfigurationList section */
	};
	rootObject = 08F1D29521F802B900FB9628 /* Project object */;
}
